
Microsoft Visual Studio Solution File, Format Version 12.00
# Visual Studio Version 16
VisualStudioVersion = 16.0.31515.178
MinimumVisualStudioVersion = 10.0.40219.1
Project("{2150E333-8FDC-42A3-9474-1A3956D46DE8}") = "Src", "Src", "{D83F16EE-7375-42D7-9C5B-1D00E9024558}"
EndProject
Project("{2150E333-8FDC-42A3-9474-1A3956D46DE8}") = "Doc", "Doc", "{1E50CA43-9204-4187-BBF8-8C99E8A9023A}"
EndProject
Project("{2150E333-8FDC-42A3-9474-1A3956D46DE8}") = "Test", "Test", "{D0EF192C-22AB-477D-9D31-5B2978B4731F}"
EndProject
Project("{2150E333-8FDC-42A3-9474-1A3956D46DE8}") = "Core", "Core", "{E71837FA-930A-4345-A7A5-DF51BFA9ACC6}"
EndProject
Project("{2150E333-8FDC-42A3-9474-1A3956D46DE8}") = "Common", "Common", "{E1187F26-4EA9-4972-B0E1-4ED7260DAED7}"
EndProject
Project("{2150E333-8FDC-42A3-9474-1A3956D46DE8}") = "Infrastructure", "Infrastructure", "{20FE4644-44E1-4413-B4EB-CE8E534202A1}"
EndProject
Project("{2150E333-8FDC-42A3-9474-1A3956D46DE8}") = "Presentation", "Presentation", "{99BC9B77-629A-4BDE-8A68-6F260295963F}"
EndProject
Project("{FAE04EC0-301F-11D3-BF4B-00C04F79EFBC}") = "SedaBazi.Common", "SedaBazi.Common\SedaBazi.Common.csproj", "{160A0572-11C9-44A0-8DAB-C712A80D3990}"
EndProject
Project("{FAE04EC0-301F-11D3-BF4B-00C04F79EFBC}") = "SedaBazi.Application", "SedaBazi.Application\SedaBazi.Application.csproj", "{00F52EC4-D5D6-4736-A83A-8E0E780C3695}"
EndProject
Project("{FAE04EC0-301F-11D3-BF4B-00C04F79EFBC}") = "SedaBazi.Domain", "SedaBazi.Domain\SedaBazi.Domain.csproj", "{D87F3CD3-E027-4C6F-AA19-0E35EEAEBCEE}"
EndProject
Project("{FAE04EC0-301F-11D3-BF4B-00C04F79EFBC}") = "SedaBazi.Infrastructure", "SedaBazi.Infrastructure\SedaBazi.Infrastructure.csproj", "{38B88373-0DF3-40D8-99AF-999DA1D0D81E}"
EndProject
Project("{FAE04EC0-301F-11D3-BF4B-00C04F79EFBC}") = "SedaBazi.Persistence", "SedaBazi.Persistence\SedaBazi.Persistence.csproj", "{57F589CA-EAC3-4F85-A915-BBFB548A3454}"
EndProject
Project("{FAE04EC0-301F-11D3-BF4B-00C04F79EFBC}") = "EndPoint.WebApi", "EndPoint.WebApi\EndPoint.WebApi.csproj", "{E1F86596-505B-404A-9977-C8375C4A23F3}"
EndProject
Global
	GlobalSection(SolutionConfigurationPlatforms) = preSolution
		Debug|Any CPU = Debug|Any CPU
		Release|Any CPU = Release|Any CPU
	EndGlobalSection
	GlobalSection(ProjectConfigurationPlatforms) = postSolution
		{160A0572-11C9-44A0-8DAB-C712A80D3990}.Debug|Any CPU.ActiveCfg = Debug|Any CPU
		{160A0572-11C9-44A0-8DAB-C712A80D3990}.Debug|Any CPU.Build.0 = Debug|Any CPU
		{160A0572-11C9-44A0-8DAB-C712A80D3990}.Release|Any CPU.ActiveCfg = Release|Any CPU
		{160A0572-11C9-44A0-8DAB-C712A80D3990}.Release|Any CPU.Build.0 = Release|Any CPU
		{00F52EC4-D5D6-4736-A83A-8E0E780C3695}.Debug|Any CPU.ActiveCfg = Debug|Any CPU
		{00F52EC4-D5D6-4736-A83A-8E0E780C3695}.Debug|Any CPU.Build.0 = Debug|Any CPU
		{00F52EC4-D5D6-4736-A83A-8E0E780C3695}.Release|Any CPU.ActiveCfg = Release|Any CPU
		{00F52EC4-D5D6-4736-A83A-8E0E780C3695}.Release|Any CPU.Build.0 = Release|Any CPU
		{D87F3CD3-E027-4C6F-AA19-0E35EEAEBCEE}.Debug|Any CPU.ActiveCfg = Debug|Any CPU
		{D87F3CD3-E027-4C6F-AA19-0E35EEAEBCEE}.Debug|Any CPU.Build.0 = Debug|Any CPU
		{D87F3CD3-E027-4C6F-AA19-0E35EEAEBCEE}.Release|Any CPU.ActiveCfg = Release|Any CPU
		{D87F3CD3-E027-4C6F-AA19-0E35EEAEBCEE}.Release|Any CPU.Build.0 = Release|Any CPU
		{38B88373-0DF3-40D8-99AF-999DA1D0D81E}.Debug|Any CPU.ActiveCfg = Debug|Any CPU
		{38B88373-0DF3-40D8-99AF-999DA1D0D81E}.Debug|Any CPU.Build.0 = Debug|Any CPU
		{38B88373-0DF3-40D8-99AF-999DA1D0D81E}.Release|Any CPU.ActiveCfg = Release|Any CPU
		{38B88373-0DF3-40D8-99AF-999DA1D0D81E}.Release|Any CPU.Build.0 = Release|Any CPU
		{57F589CA-EAC3-4F85-A915-BBFB548A3454}.Debug|Any CPU.ActiveCfg = Debug|Any CPU
		{57F589CA-EAC3-4F85-A915-BBFB548A3454}.Debug|Any CPU.Build.0 = Debug|Any CPU
		{57F589CA-EAC3-4F85-A915-BBFB548A3454}.Release|Any CPU.ActiveCfg = Release|Any CPU
		{57F589CA-EAC3-4F85-A915-BBFB548A3454}.Release|Any CPU.Build.0 = Release|Any CPU
		{E1F86596-505B-404A-9977-C8375C4A23F3}.Debug|Any CPU.ActiveCfg = Debug|Any CPU
		{E1F86596-505B-404A-9977-C8375C4A23F3}.Debug|Any CPU.Build.0 = Debug|Any CPU
		{E1F86596-505B-404A-9977-C8375C4A23F3}.Release|Any CPU.ActiveCfg = Release|Any CPU
		{E1F86596-505B-404A-9977-C8375C4A23F3}.Release|Any CPU.Build.0 = Release|Any CPU
	EndGlobalSection
	GlobalSection(SolutionProperties) = preSolution
		HideSolutionNode = FALSE
	EndGlobalSection
	GlobalSection(NestedProjects) = preSolution
		{E71837FA-930A-4345-A7A5-DF51BFA9ACC6} = {D83F16EE-7375-42D7-9C5B-1D00E9024558}
		{E1187F26-4EA9-4972-B0E1-4ED7260DAED7} = {D83F16EE-7375-42D7-9C5B-1D00E9024558}
		{20FE4644-44E1-4413-B4EB-CE8E534202A1} = {D83F16EE-7375-42D7-9C5B-1D00E9024558}
		{99BC9B77-629A-4BDE-8A68-6F260295963F} = {D83F16EE-7375-42D7-9C5B-1D00E9024558}
		{160A0572-11C9-44A0-8DAB-C712A80D3990} = {E1187F26-4EA9-4972-B0E1-4ED7260DAED7}
		{00F52EC4-D5D6-4736-A83A-8E0E780C3695} = {E71837FA-930A-4345-A7A5-DF51BFA9ACC6}
		{D87F3CD3-E027-4C6F-AA19-0E35EEAEBCEE} = {E71837FA-930A-4345-A7A5-DF51BFA9ACC6}
		{38B88373-0DF3-40D8-99AF-999DA1D0D81E} = {20FE4644-44E1-4413-B4EB-CE8E534202A1}
		{57F589CA-EAC3-4F85-A915-BBFB548A3454} = {20FE4644-44E1-4413-B4EB-CE8E534202A1}
		{E1F86596-505B-404A-9977-C8375C4A23F3} = {99BC9B77-629A-4BDE-8A68-6F260295963F}
	EndGlobalSection
	GlobalSection(ExtensibilityGlobals) = postSolution
		SolutionGuid = {3B9DF294-86B3-4A77-856A-CF23C64864C1}
	EndGlobalSection
EndGlobal
