
Microsoft Visual Studio Solution File, Format Version 12.00
# Visual Studio Version 16
VisualStudioVersion = 16.0.29306.81
MinimumVisualStudioVersion = 10.0.40219.1
Project("{2150E333-8FDC-42A3-9474-1A3956D46DE8}") = "Doc", "Doc", "{D027D9C9-7813-4DA6-A10E-4B311054579C}"
EndProject
Project("{2150E333-8FDC-42A3-9474-1A3956D46DE8}") = "Src", "Src", "{DFE6E1B3-840E-4AB7-BA74-46726EE12D0E}"
EndProject
Project("{2150E333-8FDC-42A3-9474-1A3956D46DE8}") = "Test", "Test", "{DD418D1C-CFF0-47BB-A0B9-567A081A2F8D}"
EndProject
Project("{2150E333-8FDC-42A3-9474-1A3956D46DE8}") = "Common", "Common", "{687C89DF-695B-44D6-AD7B-F989B9580DB0}"
EndProject
Project("{2150E333-8FDC-42A3-9474-1A3956D46DE8}") = "Core", "Core", "{7773D37A-7CCD-4ACD-80C3-2BE2B6EAB880}"
EndProject
Project("{2150E333-8FDC-42A3-9474-1A3956D46DE8}") = "Infrastructure", "Infrastructure", "{120047DE-BEB5-43B8-A3D8-305BB86AD739}"
EndProject
Project("{2150E333-8FDC-42A3-9474-1A3956D46DE8}") = "Presentation", "Presentation", "{ED219E31-1045-44CE-BCCD-E259399F88CA}"
EndProject
Project("{FAE04EC0-301F-11D3-BF4B-00C04F79EFBC}") = "SedaBazi.Domain", "SedaBazi.Domain\SedaBazi.Domain.csproj", "{8DE6A695-7127-4134-8548-DE97AAC54F3F}"
EndProject
Project("{FAE04EC0-301F-11D3-BF4B-00C04F79EFBC}") = "SedaBazi.Application", "SedaBazi.Application\SedaBazi.Application.csproj", "{D19A420E-1A1C-4AB6-A8D4-228754CA6FAA}"
EndProject
Project("{FAE04EC0-301F-11D3-BF4B-00C04F79EFBC}") = "SedaBazi.Infrastructure", "SedaBazi.Infrastructure\SedaBazi.Infrastructure.csproj", "{5F80BF90-B4C2-41B1-9466-CC91496B4B0A}"
EndProject
Project("{FAE04EC0-301F-11D3-BF4B-00C04F79EFBC}") = "SedaBazi.Common", "SedaBazi.Common\SedaBazi.Common.csproj", "{8CF1C9AE-89E6-455F-93CE-0E2ADB9668C0}"
EndProject
Project("{FAE04EC0-301F-11D3-BF4B-00C04F79EFBC}") = "SedaBazi.Persistence", "SedaBazi.Persistence\SedaBazi.Persistence.csproj", "{891640F9-F13C-47EF-ACC3-2D5DC2347E68}"
EndProject
Project("{FAE04EC0-301F-11D3-BF4B-00C04F79EFBC}") = "Sedabazi.EndPoint.Site", "Sedabazi.EndPoint.Site\Sedabazi.EndPoint.Site.csproj", "{776D47A2-1A8B-4E23-ADF6-02EC67A73C30}"
EndProject
Global
	GlobalSection(SolutionConfigurationPlatforms) = preSolution
		Debug|Any CPU = Debug|Any CPU
		Release|Any CPU = Release|Any CPU
	EndGlobalSection
	GlobalSection(ProjectConfigurationPlatforms) = postSolution
		{8DE6A695-7127-4134-8548-DE97AAC54F3F}.Debug|Any CPU.ActiveCfg = Debug|Any CPU
		{8DE6A695-7127-4134-8548-DE97AAC54F3F}.Debug|Any CPU.Build.0 = Debug|Any CPU
		{8DE6A695-7127-4134-8548-DE97AAC54F3F}.Release|Any CPU.ActiveCfg = Release|Any CPU
		{8DE6A695-7127-4134-8548-DE97AAC54F3F}.Release|Any CPU.Build.0 = Release|Any CPU
		{D19A420E-1A1C-4AB6-A8D4-228754CA6FAA}.Debug|Any CPU.ActiveCfg = Debug|Any CPU
		{D19A420E-1A1C-4AB6-A8D4-228754CA6FAA}.Debug|Any CPU.Build.0 = Debug|Any CPU
		{D19A420E-1A1C-4AB6-A8D4-228754CA6FAA}.Release|Any CPU.ActiveCfg = Release|Any CPU
		{D19A420E-1A1C-4AB6-A8D4-228754CA6FAA}.Release|Any CPU.Build.0 = Release|Any CPU
		{5F80BF90-B4C2-41B1-9466-CC91496B4B0A}.Debug|Any CPU.ActiveCfg = Debug|Any CPU
		{5F80BF90-B4C2-41B1-9466-CC91496B4B0A}.Debug|Any CPU.Build.0 = Debug|Any CPU
		{5F80BF90-B4C2-41B1-9466-CC91496B4B0A}.Release|Any CPU.ActiveCfg = Release|Any CPU
		{5F80BF90-B4C2-41B1-9466-CC91496B4B0A}.Release|Any CPU.Build.0 = Release|Any CPU
		{8CF1C9AE-89E6-455F-93CE-0E2ADB9668C0}.Debug|Any CPU.ActiveCfg = Debug|Any CPU
		{8CF1C9AE-89E6-455F-93CE-0E2ADB9668C0}.Debug|Any CPU.Build.0 = Debug|Any CPU
		{8CF1C9AE-89E6-455F-93CE-0E2ADB9668C0}.Release|Any CPU.ActiveCfg = Release|Any CPU
		{8CF1C9AE-89E6-455F-93CE-0E2ADB9668C0}.Release|Any CPU.Build.0 = Release|Any CPU
		{891640F9-F13C-47EF-ACC3-2D5DC2347E68}.Debug|Any CPU.ActiveCfg = Debug|Any CPU
		{891640F9-F13C-47EF-ACC3-2D5DC2347E68}.Debug|Any CPU.Build.0 = Debug|Any CPU
		{891640F9-F13C-47EF-ACC3-2D5DC2347E68}.Release|Any CPU.ActiveCfg = Release|Any CPU
		{891640F9-F13C-47EF-ACC3-2D5DC2347E68}.Release|Any CPU.Build.0 = Release|Any CPU
		{776D47A2-1A8B-4E23-ADF6-02EC67A73C30}.Debug|Any CPU.ActiveCfg = Debug|Any CPU
		{776D47A2-1A8B-4E23-ADF6-02EC67A73C30}.Debug|Any CPU.Build.0 = Debug|Any CPU
		{776D47A2-1A8B-4E23-ADF6-02EC67A73C30}.Release|Any CPU.ActiveCfg = Release|Any CPU
		{776D47A2-1A8B-4E23-ADF6-02EC67A73C30}.Release|Any CPU.Build.0 = Release|Any CPU
	EndGlobalSection
	GlobalSection(SolutionProperties) = preSolution
		HideSolutionNode = FALSE
	EndGlobalSection
	GlobalSection(NestedProjects) = preSolution
		{687C89DF-695B-44D6-AD7B-F989B9580DB0} = {DFE6E1B3-840E-4AB7-BA74-46726EE12D0E}
		{7773D37A-7CCD-4ACD-80C3-2BE2B6EAB880} = {DFE6E1B3-840E-4AB7-BA74-46726EE12D0E}
		{120047DE-BEB5-43B8-A3D8-305BB86AD739} = {DFE6E1B3-840E-4AB7-BA74-46726EE12D0E}
		{ED219E31-1045-44CE-BCCD-E259399F88CA} = {DFE6E1B3-840E-4AB7-BA74-46726EE12D0E}
		{8DE6A695-7127-4134-8548-DE97AAC54F3F} = {7773D37A-7CCD-4ACD-80C3-2BE2B6EAB880}
		{D19A420E-1A1C-4AB6-A8D4-228754CA6FAA} = {7773D37A-7CCD-4ACD-80C3-2BE2B6EAB880}
		{5F80BF90-B4C2-41B1-9466-CC91496B4B0A} = {120047DE-BEB5-43B8-A3D8-305BB86AD739}
		{8CF1C9AE-89E6-455F-93CE-0E2ADB9668C0} = {687C89DF-695B-44D6-AD7B-F989B9580DB0}
		{891640F9-F13C-47EF-ACC3-2D5DC2347E68} = {120047DE-BEB5-43B8-A3D8-305BB86AD739}
		{776D47A2-1A8B-4E23-ADF6-02EC67A73C30} = {ED219E31-1045-44CE-BCCD-E259399F88CA}
	EndGlobalSection
	GlobalSection(ExtensibilityGlobals) = postSolution
		SolutionGuid = {3D7830BF-DFAE-4F74-B757-99B783E2231F}
	EndGlobalSection
EndGlobal
